
Microsoft Visual Studio Solution File, Format Version 11.00
# Visual Studio 2010
Project("{F184B08F-C81C-45F6-A57F-5ABD9991F28F}") = "ExportarNotasAlumnado", "ExportarNotasAlumnado.vbproj", "{583C1580-5DEE-4F87-B500-3EAE831CCC21}"
EndProject
Global
	GlobalSection(SolutionConfigurationPlatforms) = preSolution
		Debug|x86 = Debug|x86
		Release|x86 = Release|x86
	EndGlobalSection
	GlobalSection(ProjectConfigurationPlatforms) = postSolution
		{583C1580-5DEE-4F87-B500-3EAE831CCC21}.Debug|x86.ActiveCfg = Debug|x86
		{583C1580-5DEE-4F87-B500-3EAE831CCC21}.Debug|x86.Build.0 = Debug|x86
		{583C1580-5DEE-4F87-B500-3EAE831CCC21}.Release|x86.ActiveCfg = Release|x86
		{583C1580-5DEE-4F87-B500-3EAE831CCC21}.Release|x86.Build.0 = Release|x86
	EndGlobalSection
	GlobalSection(SolutionProperties) = preSolution
		HideSolutionNode = FALSE
	EndGlobalSection
EndGlobal
